// !$*UTF8*$!
{
	archiveVersion = 1;
	classes = {
	};
	objectVersion = 56;
	objects = {

/* Begin PBXBuildFile section */
		2A071C3F2AD5241100E1625C /* SwiftUIChangesApp.swift in Sources */ = {isa = PBXBuildFile; fileRef = 2A071C3E2AD5241100E1625C /* SwiftUIChangesApp.swift */; };
		2A071C412AD5241100E1625C /* ContentView.swift in Sources */ = {isa = PBXBuildFile; fileRef = 2A071C402AD5241100E1625C /* ContentView.swift */; };
		2A071C432AD5241300E1625C /* Assets.xcassets in Resources */ = {isa = PBXBuildFile; fileRef = 2A071C422AD5241300E1625C /* Assets.xcassets */; };
		2A071C462AD5241300E1625C /* Preview Assets.xcassets in Resources */ = {isa = PBXBuildFile; fileRef = 2A071C452AD5241300E1625C /* Preview Assets.xcassets */; };
		2A071C502AD5241300E1625C /* SwiftUIChangesTests.swift in Sources */ = {isa = PBXBuildFile; fileRef = 2A071C4F2AD5241300E1625C /* SwiftUIChangesTests.swift */; };
		2A071C5A2AD5241300E1625C /* SwiftUIChangesUITests.swift in Sources */ = {isa = PBXBuildFile; fileRef = 2A071C592AD5241300E1625C /* SwiftUIChangesUITests.swift */; };
		2A071C5C2AD5241300E1625C /* SwiftUIChangesUITestsLaunchTests.swift in Sources */ = {isa = PBXBuildFile; fileRef = 2A071C5B2AD5241300E1625C /* SwiftUIChangesUITestsLaunchTests.swift */; };
		2A071C692AD5266000E1625C /* BindableView.swift in Sources */ = {isa = PBXBuildFile; fileRef = 2A071C682AD5266000E1625C /* BindableView.swift */; };
/* End PBXBuildFile section */

/* Begin PBXContainerItemProxy section */
		2A071C4C2AD5241300E1625C /* PBXContainerItemProxy */ = {
			isa = PBXContainerItemProxy;
			containerPortal = 2A071C332AD5241100E1625C /* Project object */;
			proxyType = 1;
			remoteGlobalIDString = 2A071C3A2AD5241100E1625C;
			remoteInfo = SwiftUIChanges;
		};
		2A071C562AD5241300E1625C /* PBXContainerItemProxy */ = {
			isa = PBXContainerItemProxy;
			containerPortal = 2A071C332AD5241100E1625C /* Project object */;
			proxyType = 1;
			remoteGlobalIDString = 2A071C3A2AD5241100E1625C;
			remoteInfo = SwiftUIChanges;
		};
/* End PBXContainerItemProxy section */

/* Begin PBXFileReference section */
		2A071C3B2AD5241100E1625C /* SwiftUIChanges.app */ = {isa = PBXFileReference; explicitFileType = wrapper.application; includeInIndex = 0; path = SwiftUIChanges.app; sourceTree = BUILT_PRODUCTS_DIR; };
		2A071C3E2AD5241100E1625C /* SwiftUIChangesApp.swift */ = {isa = PBXFileReference; lastKnownFileType = sourcecode.swift; path = SwiftUIChangesApp.swift; sourceTree = "<group>"; };
		2A071C402AD5241100E1625C /* ContentView.swift */ = {isa = PBXFileReference; lastKnownFileType = sourcecode.swift; path = ContentView.swift; sourceTree = "<group>"; };
		2A071C422AD5241300E1625C /* Assets.xcassets */ = {isa = PBXFileReference; lastKnownFileType = folder.assetcatalog; path = Assets.xcassets; sourceTree = "<group>"; };
		2A071C452AD5241300E1625C /* Preview Assets.xcassets */ = {isa = PBXFileReference; lastKnownFileType = folder.assetcatalog; path = "Preview Assets.xcassets"; sourceTree = "<group>"; };
		2A071C4B2AD5241300E1625C /* SwiftUIChangesTests.xctest */ = {isa = PBXFileReference; explicitFileType = wrapper.cfbundle; includeInIndex = 0; path = SwiftUIChangesTests.xctest; sourceTree = BUILT_PRODUCTS_DIR; };
		2A071C4F2AD5241300E1625C /* SwiftUIChangesTests.swift */ = {isa = PBXFileReference; lastKnownFileType = sourcecode.swift; path = SwiftUIChangesTests.swift; sourceTree = "<group>"; };
		2A071C552AD5241300E1625C /* SwiftUIChangesUITests.xctest */ = {isa = PBXFileReference; explicitFileType = wrapper.cfbundle; includeInIndex = 0; path = SwiftUIChangesUITests.xctest; sourceTree = BUILT_PRODUCTS_DIR; };
		2A071C592AD5241300E1625C /* SwiftUIChangesUITests.swift */ = {isa = PBXFileReference; lastKnownFileType = sourcecode.swift; path = SwiftUIChangesUITests.swift; sourceTree = "<group>"; };
		2A071C5B2AD5241300E1625C /* SwiftUIChangesUITestsLaunchTests.swift */ = {isa = PBXFileReference; lastKnownFileType = sourcecode.swift; path = SwiftUIChangesUITestsLaunchTests.swift; sourceTree = "<group>"; };
		2A071C682AD5266000E1625C /* BindableView.swift */ = {isa = PBXFileReference; lastKnownFileType = sourcecode.swift; path = BindableView.swift; sourceTree = "<group>"; };
/* End PBXFileReference section */

/* Begin PBXFrameworksBuildPhase section */
		2A071C382AD5241100E1625C /* Frameworks */ = {
			isa = PBXFrameworksBuildPhase;
			buildActionMask = 2147483647;
			files = (
			);
			runOnlyForDeploymentPostprocessing = 0;
		};
		2A071C482AD5241300E1625C /* Frameworks */ = {
			isa = PBXFrameworksBuildPhase;
			buildActionMask = 2147483647;
			files = (
			);
			runOnlyForDeploymentPostprocessing = 0;
		};
		2A071C522AD5241300E1625C /* Frameworks */ = {
			isa = PBXFrameworksBuildPhase;
			buildActionMask = 2147483647;
			files = (
			);
			runOnlyForDeploymentPostprocessing = 0;
		};
/* End PBXFrameworksBuildPhase section */

/* Begin PBXGroup section */
		2A071C322AD5241100E1625C = {
			isa = PBXGroup;
			children = (
				2A071C3D2AD5241100E1625C /* SwiftUIChanges */,
				2A071C4E2AD5241300E1625C /* SwiftUIChangesTests */,
				2A071C582AD5241300E1625C /* SwiftUIChangesUITests */,
				2A071C3C2AD5241100E1625C /* Products */,
			);
			sourceTree = "<group>";
		};
		2A071C3C2AD5241100E1625C /* Products */ = {
			isa = PBXGroup;
			children = (
				2A071C3B2AD5241100E1625C /* SwiftUIChanges.app */,
				2A071C4B2AD5241300E1625C /* SwiftUIChangesTests.xctest */,
				2A071C552AD5241300E1625C /* SwiftUIChangesUITests.xctest */,
			);
			name = Products;
			sourceTree = "<group>";
		};
		2A071C3D2AD5241100E1625C /* SwiftUIChanges */ = {
			isa = PBXGroup;
			children = (
				2A071C3E2AD5241100E1625C /* SwiftUIChangesApp.swift */,
				2A071C402AD5241100E1625C /* ContentView.swift */,
				2A071C682AD5266000E1625C /* BindableView.swift */,
				2A071C422AD5241300E1625C /* Assets.xcassets */,
				2A071C442AD5241300E1625C /* Preview Content */,
			);
			path = SwiftUIChanges;
			sourceTree = "<group>";
		};
		2A071C442AD5241300E1625C /* Preview Content */ = {
			isa = PBXGroup;
			children = (
				2A071C452AD5241300E1625C /* Preview Assets.xcassets */,
			);
			path = "Preview Content";
			sourceTree = "<group>";
		};
		2A071C4E2AD5241300E1625C /* SwiftUIChangesTests */ = {
			isa = PBXGroup;
			children = (
				2A071C4F2AD5241300E1625C /* SwiftUIChangesTests.swift */,
			);
			path = SwiftUIChangesTests;
			sourceTree = "<group>";
		};
		2A071C582AD5241300E1625C /* SwiftUIChangesUITests */ = {
			isa = PBXGroup;
			children = (
				2A071C592AD5241300E1625C /* SwiftUIChangesUITests.swift */,
				2A071C5B2AD5241300E1625C /* SwiftUIChangesUITestsLaunchTests.swift */,
			);
			path = SwiftUIChangesUITests;
			sourceTree = "<group>";
		};
/* End PBXGroup section */

/* Begin PBXNativeTarget section */
		2A071C3A2AD5241100E1625C /* SwiftUIChanges */ = {
			isa = PBXNativeTarget;
			buildConfigurationList = 2A071C5F2AD5241300E1625C /* Build configuration list for PBXNativeTarget "SwiftUIChanges" */;
			buildPhases = (
				2A071C372AD5241100E1625C /* Sources */,
				2A071C382AD5241100E1625C /* Frameworks */,
				2A071C392AD5241100E1625C /* Resources */,
			);
			buildRules = (
			);
			dependencies = (
			);
			name = SwiftUIChanges;
			productName = SwiftUIChanges;
			productReference = 2A071C3B2AD5241100E1625C /* SwiftUIChanges.app */;
			productType = "com.apple.product-type.application";
		};
		2A071C4A2AD5241300E1625C /* SwiftUIChangesTests */ = {
			isa = PBXNativeTarget;
			buildConfigurationList = 2A071C622AD5241300E1625C /* Build configuration list for PBXNativeTarget "SwiftUIChangesTests" */;
			buildPhases = (
				2A071C472AD5241300E1625C /* Sources */,
				2A071C482AD5241300E1625C /* Frameworks */,
				2A071C492AD5241300E1625C /* Resources */,
			);
			buildRules = (
			);
			dependencies = (
				2A071C4D2AD5241300E1625C /* PBXTargetDependency */,
			);
			name = SwiftUIChangesTests;
			productName = SwiftUIChangesTests;
			productReference = 2A071C4B2AD5241300E1625C /* SwiftUIChangesTests.xctest */;
			productType = "com.apple.product-type.bundle.unit-test";
		};
		2A071C542AD5241300E1625C /* SwiftUIChangesUITests */ = {
			isa = PBXNativeTarget;
			buildConfigurationList = 2A071C652AD5241300E1625C /* Build configuration list for PBXNativeTarget "SwiftUIChangesUITests" */;
			buildPhases = (
				2A071C512AD5241300E1625C /* Sources */,
				2A071C522AD5241300E1625C /* Frameworks */,
				2A071C532AD5241300E1625C /* Resources */,
			);
			buildRules = (
			);
			dependencies = (
				2A071C572AD5241300E1625C /* PBXTargetDependency */,
			);
			name = SwiftUIChangesUITests;
			productName = SwiftUIChangesUITests;
			productReference = 2A071C552AD5241300E1625C /* SwiftUIChangesUITests.xctest */;
			productType = "com.apple.product-type.bundle.ui-testing";
		};
/* End PBXNativeTarget section */

/* Begin PBXProject section */
		2A071C332AD5241100E1625C /* Project object */ = {
			isa = PBXProject;
			attributes = {
				BuildIndependentTargetsInParallel = 1;
				LastSwiftUpdateCheck = 1500;
				LastUpgradeCheck = 1500;
				TargetAttributes = {
					2A071C3A2AD5241100E1625C = {
						CreatedOnToolsVersion = 15.0;
					};
					2A071C4A2AD5241300E1625C = {
						CreatedOnToolsVersion = 15.0;
						TestTargetID = 2A071C3A2AD5241100E1625C;
					};
					2A071C542AD5241300E1625C = {
						CreatedOnToolsVersion = 15.0;
						TestTargetID = 2A071C3A2AD5241100E1625C;
					};
				};
			};
			buildConfigurationList = 2A071C362AD5241100E1625C /* Build configuration list for PBXProject "SwiftUIChanges" */;
			compatibilityVersion = "Xcode 14.0";
			developmentRegion = en;
			hasScannedForEncodings = 0;
			knownRegions = (
				en,
				Base,
			);
			mainGroup = 2A071C322AD5241100E1625C;
			productRefGroup = 2A071C3C2AD5241100E1625C /* Products */;
			projectDirPath = "";
			projectRoot = "";
			targets = (
				2A071C3A2AD5241100E1625C /* SwiftUIChanges */,
				2A071C4A2AD5241300E1625C /* SwiftUIChangesTests */,
				2A071C542AD5241300E1625C /* SwiftUIChangesUITests */,
			);
		};
/* End PBXProject section */

/* Begin PBXResourcesBuildPhase section */
		2A071C392AD5241100E1625C /* Resources */ = {
			isa = PBXResourcesBuildPhase;
			buildActionMask = 2147483647;
			files = (
				2A071C462AD5241300E1625C /* Preview Assets.xcassets in Resources */,
				2A071C432AD5241300E1625C /* Assets.xcassets in Resources */,
			);
			runOnlyForDeploymentPostprocessing = 0;
		};
		2A071C492AD5241300E1625C /* Resources */ = {
			isa = PBXResourcesBuildPhase;
			buildActionMask = 2147483647;
			files = (
			);
			runOnlyForDeploymentPostprocessing = 0;
		};
		2A071C532AD5241300E1625C /* Resources */ = {
			isa = PBXResourcesBuildPhase;
			buildActionMask = 2147483647;
			files = (
			);
			runOnlyForDeploymentPostprocessing = 0;
		};
/* End PBXResourcesBuildPhase section */

/* Begin PBXSourcesBuildPhase section */
		2A071C372AD5241100E1625C /* Sources */ = {
			isa = PBXSourcesBuildPhase;
			buildActionMask = 2147483647;
			files = (
				2A071C412AD5241100E1625C /* ContentView.swift in Sources */,
				2A071C3F2AD5241100E1625C /* SwiftUIChangesApp.swift in Sources */,
				2A071C692AD5266000E1625C /* BindableView.swift in Sources */,
			);
			runOnlyForDeploymentPostprocessing = 0;
		};
		2A071C472AD5241300E1625C /* Sources */ = {
			isa = PBXSourcesBuildPhase;
			buildActionMask = 2147483647;
			files = (
				2A071C502AD5241300E1625C /* SwiftUIChangesTests.swift in Sources */,
			);
			runOnlyForDeploymentPostprocessing = 0;
		};
		2A071C512AD5241300E1625C /* Sources */ = {
			isa = PBXSourcesBuildPhase;
			buildActionMask = 2147483647;
			files = (
				2A071C5C2AD5241300E1625C /* SwiftUIChangesUITestsLaunchTests.swift in Sources */,
				2A071C5A2AD5241300E1625C /* SwiftUIChangesUITests.swift in Sources */,
			);
			runOnlyForDeploymentPostprocessing = 0;
		};
/* End PBXSourcesBuildPhase section */

/* Begin PBXTargetDependency section */
		2A071C4D2AD5241300E1625C /* PBXTargetDependency */ = {
			isa = PBXTargetDependency;
			target = 2A071C3A2AD5241100E1625C /* SwiftUIChanges */;
			targetProxy = 2A071C4C2AD5241300E1625C /* PBXContainerItemProxy */;
		};
		2A071C572AD5241300E1625C /* PBXTargetDependency */ = {
			isa = PBXTargetDependency;
			target = 2A071C3A2AD5241100E1625C /* SwiftUIChanges */;
			targetProxy = 2A071C562AD5241300E1625C /* PBXContainerItemProxy */;
		};
/* End PBXTargetDependency section */

/* Begin XCBuildConfiguration section */
		2A071C5D2AD5241300E1625C /* Debug */ = {
			isa = XCBuildConfiguration;
			buildSettings = {
				ALWAYS_SEARCH_USER_PATHS = NO;
				ASSETCATALOG_COMPILER_GENERATE_SWIFT_ASSET_SYMBOL_EXTENSIONS = YES;
				CLANG_ANALYZER_NONNULL = YES;
				CLANG_ANALYZER_NUMBER_OBJECT_CONVERSION = YES_AGGRESSIVE;
				CLANG_CXX_LANGUAGE_STANDARD = "gnu++20";
				CLANG_ENABLE_MODULES = YES;
				CLANG_ENABLE_OBJC_ARC = YES;
				CLANG_ENABLE_OBJC_WEAK = YES;
				CLANG_WARN_BLOCK_CAPTURE_AUTORELEASING = YES;
				CLANG_WARN_BOOL_CONVERSION = YES;
				CLANG_WARN_COMMA = YES;
				CLANG_WARN_CONSTANT_CONVERSION = YES;
				CLANG_WARN_DEPRECATED_OBJC_IMPLEMENTATIONS = YES;
				CLANG_WARN_DIRECT_OBJC_ISA_USAGE = YES_ERROR;
				CLANG_WARN_DOCUMENTATION_COMMENTS = YES;
				CLANG_WARN_EMPTY_BODY = YES;
				CLANG_WARN_ENUM_CONVERSION = YES;
				CLANG_WARN_INFINITE_RECURSION = YES;
				CLANG_WARN_INT_CONVERSION = YES;
				CLANG_WARN_NON_LITERAL_NULL_CONVERSION = YES;
				CLANG_WARN_OBJC_IMPLICIT_RETAIN_SELF = YES;
				CLANG_WARN_OBJC_LITERAL_CONVERSION = YES;
				CLANG_WARN_OBJC_ROOT_CLASS = YES_ERROR;
				CLANG_WARN_QUOTED_INCLUDE_IN_FRAMEWORK_HEADER = YES;
				CLANG_WARN_RANGE_LOOP_ANALYSIS = YES;
				CLANG_WARN_STRICT_PROTOTYPES = YES;
				CLANG_WARN_SUSPICIOUS_MOVE = YES;
				CLANG_WARN_UNGUARDED_AVAILABILITY = YES_AGGRESSIVE;
				CLANG_WARN_UNREACHABLE_CODE = YES;
				CLANG_WARN__DUPLICATE_METHOD_MATCH = YES;
				COPY_PHASE_STRIP = NO;
				DEBUG_INFORMATION_FORMAT = dwarf;
				ENABLE_STRICT_OBJC_MSGSEND = YES;
				ENABLE_TESTABILITY = YES;
				ENABLE_USER_SCRIPT_SANDBOXING = YES;
				GCC_C_LANGUAGE_STANDARD = gnu17;
				GCC_DYNAMIC_NO_PIC = NO;
				GCC_NO_COMMON_BLOCKS = YES;
				GCC_OPTIMIZATION_LEVEL = 0;
				GCC_PREPROCESSOR_DEFINITIONS = (
					"DEBUG=1",
					"$(inherited)",
				);
				GCC_WARN_64_TO_32_BIT_CONVERSION = YES;
				GCC_WARN_ABOUT_RETURN_TYPE = YES_ERROR;
				GCC_WARN_UNDECLARED_SELECTOR = YES;
				GCC_WARN_UNINITIALIZED_AUTOS = YES_AGGRESSIVE;
				GCC_WARN_UNUSED_FUNCTION = YES;
				GCC_WARN_UNUSED_VARIABLE = YES;
				IPHONEOS_DEPLOYMENT_TARGET = 17.0;
				LOCALIZATION_PREFERS_STRING_CATALOGS = YES;
				MTL_ENABLE_DEBUG_INFO = INCLUDE_SOURCE;
				MTL_FAST_MATH = YES;
				ONLY_ACTIVE_ARCH = YES;
				SDKROOT = iphoneos;
				SWIFT_ACTIVE_COMPILATION_CONDITIONS = "DEBUG $(inherited)";
				SWIFT_OPTIMIZATION_LEVEL = "-Onone";
			};
			name = Debug;
		};
		2A071C5E2AD5241300E1625C /* Release */ = {
			isa = XCBuildConfiguration;
			buildSettings = {
				ALWAYS_SEARCH_USER_PATHS = NO;
				ASSETCATALOG_COMPILER_GENERATE_SWIFT_ASSET_SYMBOL_EXTENSIONS = YES;
				CLANG_ANALYZER_NONNULL = YES;
				CLANG_ANALYZER_NUMBER_OBJECT_CONVERSION = YES_AGGRESSIVE;
				CLANG_CXX_LANGUAGE_STANDARD = "gnu++20";
				CLANG_ENABLE_MODULES = YES;
				CLANG_ENABLE_OBJC_ARC = YES;
				CLANG_ENABLE_OBJC_WEAK = YES;
				CLANG_WARN_BLOCK_CAPTURE_AUTORELEASING = YES;
				CLANG_WARN_BOOL_CONVERSION = YES;
				CLANG_WARN_COMMA = YES;
				CLANG_WARN_CONSTANT_CONVERSION = YES;
				CLANG_WARN_DEPRECATED_OBJC_IMPLEMENTATIONS = YES;
				CLANG_WARN_DIRECT_OBJC_ISA_USAGE = YES_ERROR;
				CLANG_WARN_DOCUMENTATION_COMMENTS = YES;
				CLANG_WARN_EMPTY_BODY = YES;
				CLANG_WARN_ENUM_CONVERSION = YES;
				CLANG_WARN_INFINITE_RECURSION = YES;
				CLANG_WARN_INT_CONVERSION = YES;
				CLANG_WARN_NON_LITERAL_NULL_CONVERSION = YES;
				CLANG_WARN_OBJC_IMPLICIT_RETAIN_SELF = YES;
				CLANG_WARN_OBJC_LITERAL_CONVERSION = YES;
				CLANG_WARN_OBJC_ROOT_CLASS = YES_ERROR;
				CLANG_WARN_QUOTED_INCLUDE_IN_FRAMEWORK_HEADER = YES;
				CLANG_WARN_RANGE_LOOP_ANALYSIS = YES;
				CLANG_WARN_STRICT_PROTOTYPES = YES;
				CLANG_WARN_SUSPICIOUS_MOVE = YES;
				CLANG_WARN_UNGUARDED_AVAILABILITY = YES_AGGRESSIVE;
				CLANG_WARN_UNREACHABLE_CODE = YES;
				CLANG_WARN__DUPLICATE_METHOD_MATCH = YES;
				COPY_PHASE_STRIP = NO;
				DEBUG_INFORMATION_FORMAT = "dwarf-with-dsym";
				ENABLE_NS_ASSERTIONS = NO;
				ENABLE_STRICT_OBJC_MSGSEND = YES;
				ENABLE_USER_SCRIPT_SANDBOXING = YES;
				GCC_C_LANGUAGE_STANDARD = gnu17;
				GCC_NO_COMMON_BLOCKS = YES;
				GCC_WARN_64_TO_32_BIT_CONVERSION = YES;
				GCC_WARN_ABOUT_RETURN_TYPE = YES_ERROR;
				GCC_WARN_UNDECLARED_SELECTOR = YES;
				GCC_WARN_UNINITIALIZED_AUTOS = YES_AGGRESSIVE;
				GCC_WARN_UNUSED_FUNCTION = YES;
				GCC_WARN_UNUSED_VARIABLE = YES;
				IPHONEOS_DEPLOYMENT_TARGET = 17.0;
				LOCALIZATION_PREFERS_STRING_CATALOGS = YES;
				MTL_ENABLE_DEBUG_INFO = NO;
				MTL_FAST_MATH = YES;
				SDKROOT = iphoneos;
				SWIFT_COMPILATION_MODE = wholemodule;
				VALIDATE_PRODUCT = YES;
			};
			name = Release;
		};
		2A071C602AD5241300E1625C /* Debug */ = {
			isa = XCBuildConfiguration;
			buildSettings = {
				ASSETCATALOG_COMPILER_APPICON_NAME = AppIcon;
				ASSETCATALOG_COMPILER_GLOBAL_ACCENT_COLOR_NAME = AccentColor;
				CODE_SIGN_STYLE = Automatic;
				CURRENT_PROJECT_VERSION = 1;
				DEVELOPMENT_ASSET_PATHS = "\"SwiftUIChanges/Preview Content\"";
				DEVELOPMENT_TEAM = 476QK54UU2;
				ENABLE_PREVIEWS = YES;
				GENERATE_INFOPLIST_FILE = YES;
				INFOPLIST_KEY_UIApplicationSceneManifest_Generation = YES;
				INFOPLIST_KEY_UIApplicationSupportsIndirectInputEvents = YES;
				INFOPLIST_KEY_UILaunchScreen_Generation = YES;
				INFOPLIST_KEY_UISupportedInterfaceOrientations_iPad = "UIInterfaceOrientationPortrait UIInterfaceOrientationPortraitUpsideDown UIInterfaceOrientationLandscapeLeft UIInterfaceOrientationLandscapeRight";
				INFOPLIST_KEY_UISupportedInterfaceOrientations_iPhone = "UIInterfaceOrientationPortrait UIInterfaceOrientationLandscapeLeft UIInterfaceOrientationLandscapeRight";
				LD_RUNPATH_SEARCH_PATHS = (
					"$(inherited)",
					"@executable_path/Frameworks",
				);
				MARKETING_VERSION = 1.0;
				PRODUCT_BUNDLE_IDENTIFIER = "com.it-guy.SwiftUIChanges";
				PRODUCT_NAME = "$(TARGET_NAME)";
				SWIFT_EMIT_LOC_STRINGS = YES;
				SWIFT_VERSION = 5.0;
				TARGETED_DEVICE_FAMILY = "1,2";
			};
			name = Debug;
		};
		2A071C612AD5241300E1625C /* Release */ = {
			isa = XCBuildConfiguration;
			buildSettings = {
				ASSETCATALOG_COMPILER_APPICON_NAME = AppIcon;
				ASSETCATALOG_COMPILER_GLOBAL_ACCENT_COLOR_NAME = AccentColor;
				CODE_SIGN_STYLE = Automatic;
				CURRENT_PROJECT_VERSION = 1;
				DEVELOPMENT_ASSET_PATHS = "\"SwiftUIChanges/Preview Content\"";
				DEVELOPMENT_TEAM = 476QK54UU2;
				ENABLE_PREVIEWS = YES;
				GENERATE_INFOPLIST_FILE = YES;
				INFOPLIST_KEY_UIApplicationSceneManifest_Generation = YES;
				INFOPLIST_KEY_UIApplicationSupportsIndirectInputEvents = YES;
				INFOPLIST_KEY_UILaunchScreen_Generation = YES;
				INFOPLIST_KEY_UISupportedInterfaceOrientations_iPad = "UIInterfaceOrientationPortrait UIInterfaceOrientationPortraitUpsideDown UIInterfaceOrientationLandscapeLeft UIInterfaceOrientationLandscapeRight";
				INFOPLIST_KEY_UISupportedInterfaceOrientations_iPhone = "UIInterfaceOrientationPortrait UIInterfaceOrientationLandscapeLeft UIInterfaceOrientationLandscapeRight";
				LD_RUNPATH_SEARCH_PATHS = (
					"$(inherited)",
					"@executable_path/Frameworks",
				);
				MARKETING_VERSION = 1.0;
				PRODUCT_BUNDLE_IDENTIFIER = "com.it-guy.SwiftUIChanges";
				PRODUCT_NAME = "$(TARGET_NAME)";
				SWIFT_EMIT_LOC_STRINGS = YES;
				SWIFT_VERSION = 5.0;
				TARGETED_DEVICE_FAMILY = "1,2";
			};
			name = Release;
		};
		2A071C632AD5241300E1625C /* Debug */ = {
			isa = XCBuildConfiguration;
			buildSettings = {
				ALWAYS_EMBED_SWIFT_STANDARD_LIBRARIES = YES;
				BUNDLE_LOADER = "$(TEST_HOST)";
				CODE_SIGN_STYLE = Automatic;
				CURRENT_PROJECT_VERSION = 1;
				DEVELOPMENT_TEAM = 476QK54UU2;
				GENERATE_INFOPLIST_FILE = YES;
				IPHONEOS_DEPLOYMENT_TARGET = 17.0;
				MARKETING_VERSION = 1.0;
				PRODUCT_BUNDLE_IDENTIFIER = "com.it-guy.SwiftUIChangesTests";
				PRODUCT_NAME = "$(TARGET_NAME)";
				SWIFT_EMIT_LOC_STRINGS = NO;
				SWIFT_VERSION = 5.0;
				TARGETED_DEVICE_FAMILY = "1,2";
				TEST_HOST = "$(BUILT_PRODUCTS_DIR)/SwiftUIChanges.app/$(BUNDLE_EXECUTABLE_FOLDER_PATH)/SwiftUIChanges";
			};
			name = Debug;
		};
		2A071C642AD5241300E1625C /* Release */ = {
			isa = XCBuildConfiguration;
			buildSettings = {
				ALWAYS_EMBED_SWIFT_STANDARD_LIBRARIES = YES;
				BUNDLE_LOADER = "$(TEST_HOST)";
				CODE_SIGN_STYLE = Automatic;
				CURRENT_PROJECT_VERSION = 1;
				DEVELOPMENT_TEAM = 476QK54UU2;
				GENERATE_INFOPLIST_FILE = YES;
				IPHONEOS_DEPLOYMENT_TARGET = 17.0;
				MARKETING_VERSION = 1.0;
				PRODUCT_BUNDLE_IDENTIFIER = "com.it-guy.SwiftUIChangesTests";
				PRODUCT_NAME = "$(TARGET_NAME)";
				SWIFT_EMIT_LOC_STRINGS = NO;
				SWIFT_VERSION = 5.0;
				TARGETED_DEVICE_FAMILY = "1,2";
				TEST_HOST = "$(BUILT_PRODUCTS_DIR)/SwiftUIChanges.app/$(BUNDLE_EXECUTABLE_FOLDER_PATH)/SwiftUIChanges";
			};
			name = Release;
		};
		2A071C662AD5241300E1625C /* Debug */ = {
			isa = XCBuildConfiguration;
			buildSettings = {
				ALWAYS_EMBED_SWIFT_STANDARD_LIBRARIES = YES;
				CODE_SIGN_STYLE = Automatic;
				CURRENT_PROJECT_VERSION = 1;
				DEVELOPMENT_TEAM = 476QK54UU2;
				GENERATE_INFOPLIST_FILE = YES;
				MARKETING_VERSION = 1.0;
				PRODUCT_BUNDLE_IDENTIFIER = "com.it-guy.SwiftUIChangesUITests";
				PRODUCT_NAME = "$(TARGET_NAME)";
				SWIFT_EMIT_LOC_STRINGS = NO;
				SWIFT_VERSION = 5.0;
				TARGETED_DEVICE_FAMILY = "1,2";
				TEST_TARGET_NAME = SwiftUIChanges;
			};
			name = Debug;
		};
		2A071C672AD5241300E1625C /* Release */ = {
			isa = XCBuildConfiguration;
			buildSettings = {
				ALWAYS_EMBED_SWIFT_STANDARD_LIBRARIES = YES;
				CODE_SIGN_STYLE = Automatic;
				CURRENT_PROJECT_VERSION = 1;
				DEVELOPMENT_TEAM = 476QK54UU2;
				GENERATE_INFOPLIST_FILE = YES;
				MARKETING_VERSION = 1.0;
				PRODUCT_BUNDLE_IDENTIFIER = "com.it-guy.SwiftUIChangesUITests";
				PRODUCT_NAME = "$(TARGET_NAME)";
				SWIFT_EMIT_LOC_STRINGS = NO;
				SWIFT_VERSION = 5.0;
				TARGETED_DEVICE_FAMILY = "1,2";
				TEST_TARGET_NAME = SwiftUIChanges;
			};
			name = Release;
		};
/* End XCBuildConfiguration section */

/* Begin XCConfigurationList section */
		2A071C362AD5241100E1625C /* Build configuration list for PBXProject "SwiftUIChanges" */ = {
			isa = XCConfigurationList;
			buildConfigurations = (
				2A071C5D2AD5241300E1625C /* Debug */,
				2A071C5E2AD5241300E1625C /* Release */,
			);
			defaultConfigurationIsVisible = 0;
			defaultConfigurationName = Release;
		};
		2A071C5F2AD5241300E1625C /* Build configuration list for PBXNativeTarget "SwiftUIChanges" */ = {
			isa = XCConfigurationList;
			buildConfigurations = (
				2A071C602AD5241300E1625C /* Debug */,
				2A071C612AD5241300E1625C /* Release */,
			);
			defaultConfigurationIsVisible = 0;
			defaultConfigurationName = Release;
		};
		2A071C622AD5241300E1625C /* Build configuration list for PBXNativeTarget "SwiftUIChangesTests" */ = {
			isa = XCConfigurationList;
			buildConfigurations = (
				2A071C632AD5241300E1625C /* Debug */,
				2A071C642AD5241300E1625C /* Release */,
			);
			defaultConfigurationIsVisible = 0;
			defaultConfigurationName = Release;
		};
		2A071C652AD5241300E1625C /* Build configuration list for PBXNativeTarget "SwiftUIChangesUITests" */ = {
			isa = XCConfigurationList;
			buildConfigurations = (
				2A071C662AD5241300E1625C /* Debug */,
				2A071C672AD5241300E1625C /* Release */,
			);
			defaultConfigurationIsVisible = 0;
			defaultConfigurationName = Release;
		};
/* End XCConfigurationList section */
	};
	rootObject = 2A071C332AD5241100E1625C /* Project object */;
}
